// !$*UTF8*$!
{
	archiveVersion = 1;
	classes = {
	};
	objectVersion = 56;
	objects = {

/* Begin PBXBuildFile section */
		8308ECDF297C2B52009D5D69 /* CryptoCrazySUIApp.swift in Sources */ = {isa = PBXBuildFile; fileRef = 8308ECDE297C2B52009D5D69 /* CryptoCrazySUIApp.swift */; };
		8308ECE1297C2B52009D5D69 /* MainView.swift in Sources */ = {isa = PBXBuildFile; fileRef = 8308ECE0297C2B52009D5D69 /* MainView.swift */; };
		8308ECE3297C2B53009D5D69 /* Assets.xcassets in Resources */ = {isa = PBXBuildFile; fileRef = 8308ECE2297C2B53009D5D69 /* Assets.xcassets */; };
		8308ECE6297C2B53009D5D69 /* Preview Assets.xcassets in Resources */ = {isa = PBXBuildFile; fileRef = 8308ECE5297C2B53009D5D69 /* Preview Assets.xcassets */; };
		8308ECF0297C2B53009D5D69 /* CryptoCrazySUITests.swift in Sources */ = {isa = PBXBuildFile; fileRef = 8308ECEF297C2B53009D5D69 /* CryptoCrazySUITests.swift */; };
		8308ECFA297C2B53009D5D69 /* CryptoCrazySUIUITests.swift in Sources */ = {isa = PBXBuildFile; fileRef = 8308ECF9297C2B53009D5D69 /* CryptoCrazySUIUITests.swift */; };
		8308ECFC297C2B53009D5D69 /* CryptoCrazySUIUITestsLaunchTests.swift in Sources */ = {isa = PBXBuildFile; fileRef = 8308ECFB297C2B53009D5D69 /* CryptoCrazySUIUITestsLaunchTests.swift */; };
		8308ED0D297C2BF2009D5D69 /* CryptoCurrency.swift in Sources */ = {isa = PBXBuildFile; fileRef = 8308ED0C297C2BF2009D5D69 /* CryptoCurrency.swift */; };
		8308ED0F297C2CD8009D5D69 /* WebService.swift in Sources */ = {isa = PBXBuildFile; fileRef = 8308ED0E297C2CD8009D5D69 /* WebService.swift */; };
		8308ED11297C2E74009D5D69 /* CryptoViewModel.swift in Sources */ = {isa = PBXBuildFile; fileRef = 8308ED10297C2E74009D5D69 /* CryptoViewModel.swift */; };
/* End PBXBuildFile section */

/* Begin PBXContainerItemProxy section */
		8308ECEC297C2B53009D5D69 /* PBXContainerItemProxy */ = {
			isa = PBXContainerItemProxy;
			containerPortal = 8308ECD3297C2B52009D5D69 /* Project object */;
			proxyType = 1;
			remoteGlobalIDString = 8308ECDA297C2B52009D5D69;
			remoteInfo = CryptoCrazySUI;
		};
		8308ECF6297C2B53009D5D69 /* PBXContainerItemProxy */ = {
			isa = PBXContainerItemProxy;
			containerPortal = 8308ECD3297C2B52009D5D69 /* Project object */;
			proxyType = 1;
			remoteGlobalIDString = 8308ECDA297C2B52009D5D69;
			remoteInfo = CryptoCrazySUI;
		};
/* End PBXContainerItemProxy section */

/* Begin PBXFileReference section */
		8308ECDB297C2B52009D5D69 /* CryptoCrazySUI.app */ = {isa = PBXFileReference; explicitFileType = wrapper.application; includeInIndex = 0; path = CryptoCrazySUI.app; sourceTree = BUILT_PRODUCTS_DIR; };
		8308ECDE297C2B52009D5D69 /* CryptoCrazySUIApp.swift */ = {isa = PBXFileReference; lastKnownFileType = sourcecode.swift; path = CryptoCrazySUIApp.swift; sourceTree = "<group>"; };
		8308ECE0297C2B52009D5D69 /* MainView.swift */ = {isa = PBXFileReference; lastKnownFileType = sourcecode.swift; path = MainView.swift; sourceTree = "<group>"; };
		8308ECE2297C2B53009D5D69 /* Assets.xcassets */ = {isa = PBXFileReference; lastKnownFileType = folder.assetcatalog; path = Assets.xcassets; sourceTree = "<group>"; };
		8308ECE5297C2B53009D5D69 /* Preview Assets.xcassets */ = {isa = PBXFileReference; lastKnownFileType = folder.assetcatalog; path = "Preview Assets.xcassets"; sourceTree = "<group>"; };
		8308ECEB297C2B53009D5D69 /* CryptoCrazySUITests.xctest */ = {isa = PBXFileReference; explicitFileType = wrapper.cfbundle; includeInIndex = 0; path = CryptoCrazySUITests.xctest; sourceTree = BUILT_PRODUCTS_DIR; };
		8308ECEF297C2B53009D5D69 /* CryptoCrazySUITests.swift */ = {isa = PBXFileReference; lastKnownFileType = sourcecode.swift; path = CryptoCrazySUITests.swift; sourceTree = "<group>"; };
		8308ECF5297C2B53009D5D69 /* CryptoCrazySUIUITests.xctest */ = {isa = PBXFileReference; explicitFileType = wrapper.cfbundle; includeInIndex = 0; path = CryptoCrazySUIUITests.xctest; sourceTree = BUILT_PRODUCTS_DIR; };
		8308ECF9297C2B53009D5D69 /* CryptoCrazySUIUITests.swift */ = {isa = PBXFileReference; lastKnownFileType = sourcecode.swift; path = CryptoCrazySUIUITests.swift; sourceTree = "<group>"; };
		8308ECFB297C2B53009D5D69 /* CryptoCrazySUIUITestsLaunchTests.swift */ = {isa = PBXFileReference; lastKnownFileType = sourcecode.swift; path = CryptoCrazySUIUITestsLaunchTests.swift; sourceTree = "<group>"; };
		8308ED0C297C2BF2009D5D69 /* CryptoCurrency.swift */ = {isa = PBXFileReference; lastKnownFileType = sourcecode.swift; path = CryptoCurrency.swift; sourceTree = "<group>"; };
		8308ED0E297C2CD8009D5D69 /* WebService.swift */ = {isa = PBXFileReference; lastKnownFileType = sourcecode.swift; path = WebService.swift; sourceTree = "<group>"; };
		8308ED10297C2E74009D5D69 /* CryptoViewModel.swift */ = {isa = PBXFileReference; lastKnownFileType = sourcecode.swift; path = CryptoViewModel.swift; sourceTree = "<group>"; };
/* End PBXFileReference section */

/* Begin PBXFrameworksBuildPhase section */
		8308ECD8297C2B52009D5D69 /* Frameworks */ = {
			isa = PBXFrameworksBuildPhase;
			buildActionMask = 2147483647;
			files = (
			);
			runOnlyForDeploymentPostprocessing = 0;
		};
		8308ECE8297C2B53009D5D69 /* Frameworks */ = {
			isa = PBXFrameworksBuildPhase;
			buildActionMask = 2147483647;
			files = (
			);
			runOnlyForDeploymentPostprocessing = 0;
		};
		8308ECF2297C2B53009D5D69 /* Frameworks */ = {
			isa = PBXFrameworksBuildPhase;
			buildActionMask = 2147483647;
			files = (
			);
			runOnlyForDeploymentPostprocessing = 0;
		};
/* End PBXFrameworksBuildPhase section */

/* Begin PBXGroup section */
		8308ECD2297C2B52009D5D69 = {
			isa = PBXGroup;
			children = (
				8308ECDD297C2B52009D5D69 /* CryptoCrazySUI */,
				8308ECEE297C2B53009D5D69 /* CryptoCrazySUITests */,
				8308ECF8297C2B53009D5D69 /* CryptoCrazySUIUITests */,
				8308ECDC297C2B52009D5D69 /* Products */,
			);
			sourceTree = "<group>";
		};
		8308ECDC297C2B52009D5D69 /* Products */ = {
			isa = PBXGroup;
			children = (
				8308ECDB297C2B52009D5D69 /* CryptoCrazySUI.app */,
				8308ECEB297C2B53009D5D69 /* CryptoCrazySUITests.xctest */,
				8308ECF5297C2B53009D5D69 /* CryptoCrazySUIUITests.xctest */,
			);
			name = Products;
			sourceTree = "<group>";
		};
		8308ECDD297C2B52009D5D69 /* CryptoCrazySUI */ = {
			isa = PBXGroup;
			children = (
				8308ED0B297C2BB8009D5D69 /* Service */,
				8308ED0A297C2BB2009D5D69 /* ViewModel */,
				8308ED09297C2BAD009D5D69 /* View */,
				8308ED08297C2BAA009D5D69 /* Model */,
				8308ECDE297C2B52009D5D69 /* CryptoCrazySUIApp.swift */,
				8308ECE2297C2B53009D5D69 /* Assets.xcassets */,
				8308ECE4297C2B53009D5D69 /* Preview Content */,
			);
			path = CryptoCrazySUI;
			sourceTree = "<group>";
		};
		8308ECE4297C2B53009D5D69 /* Preview Content */ = {
			isa = PBXGroup;
			children = (
				8308ECE5297C2B53009D5D69 /* Preview Assets.xcassets */,
			);
			path = "Preview Content";
			sourceTree = "<group>";
		};
		8308ECEE297C2B53009D5D69 /* CryptoCrazySUITests */ = {
			isa = PBXGroup;
			children = (
				8308ECEF297C2B53009D5D69 /* CryptoCrazySUITests.swift */,
			);
			path = CryptoCrazySUITests;
			sourceTree = "<group>";
		};
		8308ECF8297C2B53009D5D69 /* CryptoCrazySUIUITests */ = {
			isa = PBXGroup;
			children = (
				8308ECF9297C2B53009D5D69 /* CryptoCrazySUIUITests.swift */,
				8308ECFB297C2B53009D5D69 /* CryptoCrazySUIUITestsLaunchTests.swift */,
			);
			path = CryptoCrazySUIUITests;
			sourceTree = "<group>";
		};
		8308ED08297C2BAA009D5D69 /* Model */ = {
			isa = PBXGroup;
			children = (
				8308ED0C297C2BF2009D5D69 /* CryptoCurrency.swift */,
			);
			path = Model;
			sourceTree = "<group>";
		};
		8308ED09297C2BAD009D5D69 /* View */ = {
			isa = PBXGroup;
			children = (
				8308ECE0297C2B52009D5D69 /* MainView.swift */,
			);
			path = View;
			sourceTree = "<group>";
		};
		8308ED0A297C2BB2009D5D69 /* ViewModel */ = {
			isa = PBXGroup;
			children = (
				8308ED10297C2E74009D5D69 /* CryptoViewModel.swift */,
			);
			path = ViewModel;
			sourceTree = "<group>";
		};
		8308ED0B297C2BB8009D5D69 /* Service */ = {
			isa = PBXGroup;
			children = (
				8308ED0E297C2CD8009D5D69 /* WebService.swift */,
			);
			path = Service;
			sourceTree = "<group>";
		};
/* End PBXGroup section */

/* Begin PBXNativeTarget section */
		8308ECDA297C2B52009D5D69 /* CryptoCrazySUI */ = {
			isa = PBXNativeTarget;
			buildConfigurationList = 8308ECFF297C2B53009D5D69 /* Build configuration list for PBXNativeTarget "CryptoCrazySUI" */;
			buildPhases = (
				8308ECD7297C2B52009D5D69 /* Sources */,
				8308ECD8297C2B52009D5D69 /* Frameworks */,
				8308ECD9297C2B52009D5D69 /* Resources */,
			);
			buildRules = (
			);
			dependencies = (
			);
			name = CryptoCrazySUI;
			productName = CryptoCrazySUI;
			productReference = 8308ECDB297C2B52009D5D69 /* CryptoCrazySUI.app */;
			productType = "com.apple.product-type.application";
		};
		8308ECEA297C2B53009D5D69 /* CryptoCrazySUITests */ = {
			isa = PBXNativeTarget;
			buildConfigurationList = 8308ED02297C2B53009D5D69 /* Build configuration list for PBXNativeTarget "CryptoCrazySUITests" */;
			buildPhases = (
				8308ECE7297C2B53009D5D69 /* Sources */,
				8308ECE8297C2B53009D5D69 /* Frameworks */,
				8308ECE9297C2B53009D5D69 /* Resources */,
			);
			buildRules = (
			);
			dependencies = (
				8308ECED297C2B53009D5D69 /* PBXTargetDependency */,
			);
			name = CryptoCrazySUITests;
			productName = CryptoCrazySUITests;
			productReference = 8308ECEB297C2B53009D5D69 /* CryptoCrazySUITests.xctest */;
			productType = "com.apple.product-type.bundle.unit-test";
		};
		8308ECF4297C2B53009D5D69 /* CryptoCrazySUIUITests */ = {
			isa = PBXNativeTarget;
			buildConfigurationList = 8308ED05297C2B53009D5D69 /* Build configuration list for PBXNativeTarget "CryptoCrazySUIUITests" */;
			buildPhases = (
				8308ECF1297C2B53009D5D69 /* Sources */,
				8308ECF2297C2B53009D5D69 /* Frameworks */,
				8308ECF3297C2B53009D5D69 /* Resources */,
			);
			buildRules = (
			);
			dependencies = (
				8308ECF7297C2B53009D5D69 /* PBXTargetDependency */,
			);
			name = CryptoCrazySUIUITests;
			productName = CryptoCrazySUIUITests;
			productReference = 8308ECF5297C2B53009D5D69 /* CryptoCrazySUIUITests.xctest */;
			productType = "com.apple.product-type.bundle.ui-testing";
		};
/* End PBXNativeTarget section */

/* Begin PBXProject section */
		8308ECD3297C2B52009D5D69 /* Project object */ = {
			isa = PBXProject;
			attributes = {
				BuildIndependentTargetsInParallel = 1;
				LastSwiftUpdateCheck = 1420;
				LastUpgradeCheck = 1420;
				TargetAttributes = {
					8308ECDA297C2B52009D5D69 = {
						CreatedOnToolsVersion = 14.2;
					};
					8308ECEA297C2B53009D5D69 = {
						CreatedOnToolsVersion = 14.2;
						TestTargetID = 8308ECDA297C2B52009D5D69;
					};
					8308ECF4297C2B53009D5D69 = {
						CreatedOnToolsVersion = 14.2;
						TestTargetID = 8308ECDA297C2B52009D5D69;
					};
				};
			};
			buildConfigurationList = 8308ECD6297C2B52009D5D69 /* Build configuration list for PBXProject "CryptoCrazySUI" */;
			compatibilityVersion = "Xcode 14.0";
			developmentRegion = en;
			hasScannedForEncodings = 0;
			knownRegions = (
				en,
				Base,
			);
			mainGroup = 8308ECD2297C2B52009D5D69;
			productRefGroup = 8308ECDC297C2B52009D5D69 /* Products */;
			projectDirPath = "";
			projectRoot = "";
			targets = (
				8308ECDA297C2B52009D5D69 /* CryptoCrazySUI */,
				8308ECEA297C2B53009D5D69 /* CryptoCrazySUITests */,
				8308ECF4297C2B53009D5D69 /* CryptoCrazySUIUITests */,
			);
		};
/* End PBXProject section */

/* Begin PBXResourcesBuildPhase section */
		8308ECD9297C2B52009D5D69 /* Resources */ = {
			isa = PBXResourcesBuildPhase;
			buildActionMask = 2147483647;
			files = (
				8308ECE6297C2B53009D5D69 /* Preview Assets.xcassets in Resources */,
				8308ECE3297C2B53009D5D69 /* Assets.xcassets in Resources */,
			);
			runOnlyForDeploymentPostprocessing = 0;
		};
		8308ECE9297C2B53009D5D69 /* Resources */ = {
			isa = PBXResourcesBuildPhase;
			buildActionMask = 2147483647;
			files = (
			);
			runOnlyForDeploymentPostprocessing = 0;
		};
		8308ECF3297C2B53009D5D69 /* Resources */ = {
			isa = PBXResourcesBuildPhase;
			buildActionMask = 2147483647;
			files = (
			);
			runOnlyForDeploymentPostprocessing = 0;
		};
/* End PBXResourcesBuildPhase section */

/* Begin PBXSourcesBuildPhase section */
		8308ECD7297C2B52009D5D69 /* Sources */ = {
			isa = PBXSourcesBuildPhase;
			buildActionMask = 2147483647;
			files = (
				8308ECE1297C2B52009D5D69 /* MainView.swift in Sources */,
				8308ED0D297C2BF2009D5D69 /* CryptoCurrency.swift in Sources */,
				8308ED0F297C2CD8009D5D69 /* WebService.swift in Sources */,
				8308ECDF297C2B52009D5D69 /* CryptoCrazySUIApp.swift in Sources */,
				8308ED11297C2E74009D5D69 /* CryptoViewModel.swift in Sources */,
			);
			runOnlyForDeploymentPostprocessing = 0;
		};
		8308ECE7297C2B53009D5D69 /* Sources */ = {
			isa = PBXSourcesBuildPhase;
			buildActionMask = 2147483647;
			files = (
				8308ECF0297C2B53009D5D69 /* CryptoCrazySUITests.swift in Sources */,
			);
			runOnlyForDeploymentPostprocessing = 0;
		};
		8308ECF1297C2B53009D5D69 /* Sources */ = {
			isa = PBXSourcesBuildPhase;
			buildActionMask = 2147483647;
			files = (
				8308ECFA297C2B53009D5D69 /* CryptoCrazySUIUITests.swift in Sources */,
				8308ECFC297C2B53009D5D69 /* CryptoCrazySUIUITestsLaunchTests.swift in Sources */,
			);
			runOnlyForDeploymentPostprocessing = 0;
		};
/* End PBXSourcesBuildPhase section */

/* Begin PBXTargetDependency section */
		8308ECED297C2B53009D5D69 /* PBXTargetDependency */ = {
			isa = PBXTargetDependency;
			target = 8308ECDA297C2B52009D5D69 /* CryptoCrazySUI */;
			targetProxy = 8308ECEC297C2B53009D5D69 /* PBXContainerItemProxy */;
		};
		8308ECF7297C2B53009D5D69 /* PBXTargetDependency */ = {
			isa = PBXTargetDependency;
			target = 8308ECDA297C2B52009D5D69 /* CryptoCrazySUI */;
			targetProxy = 8308ECF6297C2B53009D5D69 /* PBXContainerItemProxy */;
		};
/* End PBXTargetDependency section */

/* Begin XCBuildConfiguration section */
		8308ECFD297C2B53009D5D69 /* Debug */ = {
			isa = XCBuildConfiguration;
			buildSettings = {
				ALWAYS_SEARCH_USER_PATHS = NO;
				CLANG_ANALYZER_NONNULL = YES;
				CLANG_ANALYZER_NUMBER_OBJECT_CONVERSION = YES_AGGRESSIVE;
				CLANG_CXX_LANGUAGE_STANDARD = "gnu++20";
				CLANG_ENABLE_MODULES = YES;
				CLANG_ENABLE_OBJC_ARC = YES;
				CLANG_ENABLE_OBJC_WEAK = YES;
				CLANG_WARN_BLOCK_CAPTURE_AUTORELEASING = YES;
				CLANG_WARN_BOOL_CONVERSION = YES;
				CLANG_WARN_COMMA = YES;
				CLANG_WARN_CONSTANT_CONVERSION = YES;
				CLANG_WARN_DEPRECATED_OBJC_IMPLEMENTATIONS = YES;
				CLANG_WARN_DIRECT_OBJC_ISA_USAGE = YES_ERROR;
				CLANG_WARN_DOCUMENTATION_COMMENTS = YES;
				CLANG_WARN_EMPTY_BODY = YES;
				CLANG_WARN_ENUM_CONVERSION = YES;
				CLANG_WARN_INFINITE_RECURSION = YES;
				CLANG_WARN_INT_CONVERSION = YES;
				CLANG_WARN_NON_LITERAL_NULL_CONVERSION = YES;
				CLANG_WARN_OBJC_IMPLICIT_RETAIN_SELF = YES;
				CLANG_WARN_OBJC_LITERAL_CONVERSION = YES;
				CLANG_WARN_OBJC_ROOT_CLASS = YES_ERROR;
				CLANG_WARN_QUOTED_INCLUDE_IN_FRAMEWORK_HEADER = YES;
				CLANG_WARN_RANGE_LOOP_ANALYSIS = YES;
				CLANG_WARN_STRICT_PROTOTYPES = YES;
				CLANG_WARN_SUSPICIOUS_MOVE = YES;
				CLANG_WARN_UNGUARDED_AVAILABILITY = YES_AGGRESSIVE;
				CLANG_WARN_UNREACHABLE_CODE = YES;
				CLANG_WARN__DUPLICATE_METHOD_MATCH = YES;
				COPY_PHASE_STRIP = NO;
				DEBUG_INFORMATION_FORMAT = dwarf;
				ENABLE_STRICT_OBJC_MSGSEND = YES;
				ENABLE_TESTABILITY = YES;
				GCC_C_LANGUAGE_STANDARD = gnu11;
				GCC_DYNAMIC_NO_PIC = NO;
				GCC_NO_COMMON_BLOCKS = YES;
				GCC_OPTIMIZATION_LEVEL = 0;
				GCC_PREPROCESSOR_DEFINITIONS = (
					"DEBUG=1",
					"$(inherited)",
				);
				GCC_WARN_64_TO_32_BIT_CONVERSION = YES;
				GCC_WARN_ABOUT_RETURN_TYPE = YES_ERROR;
				GCC_WARN_UNDECLARED_SELECTOR = YES;
				GCC_WARN_UNINITIALIZED_AUTOS = YES_AGGRESSIVE;
				GCC_WARN_UNUSED_FUNCTION = YES;
				GCC_WARN_UNUSED_VARIABLE = YES;
				IPHONEOS_DEPLOYMENT_TARGET = 16.2;
				MTL_ENABLE_DEBUG_INFO = INCLUDE_SOURCE;
				MTL_FAST_MATH = YES;
				ONLY_ACTIVE_ARCH = YES;
				SDKROOT = iphoneos;
				SWIFT_ACTIVE_COMPILATION_CONDITIONS = DEBUG;
				SWIFT_OPTIMIZATION_LEVEL = "-Onone";
			};
			name = Debug;
		};
		8308ECFE297C2B53009D5D69 /* Release */ = {
			isa = XCBuildConfiguration;
			buildSettings = {
				ALWAYS_SEARCH_USER_PATHS = NO;
				CLANG_ANALYZER_NONNULL = YES;
				CLANG_ANALYZER_NUMBER_OBJECT_CONVERSION = YES_AGGRESSIVE;
				CLANG_CXX_LANGUAGE_STANDARD = "gnu++20";
				CLANG_ENABLE_MODULES = YES;
				CLANG_ENABLE_OBJC_ARC = YES;
				CLANG_ENABLE_OBJC_WEAK = YES;
				CLANG_WARN_BLOCK_CAPTURE_AUTORELEASING = YES;
				CLANG_WARN_BOOL_CONVERSION = YES;
				CLANG_WARN_COMMA = YES;
				CLANG_WARN_CONSTANT_CONVERSION = YES;
				CLANG_WARN_DEPRECATED_OBJC_IMPLEMENTATIONS = YES;
				CLANG_WARN_DIRECT_OBJC_ISA_USAGE = YES_ERROR;
				CLANG_WARN_DOCUMENTATION_COMMENTS = YES;
				CLANG_WARN_EMPTY_BODY = YES;
				CLANG_WARN_ENUM_CONVERSION = YES;
				CLANG_WARN_INFINITE_RECURSION = YES;
				CLANG_WARN_INT_CONVERSION = YES;
				CLANG_WARN_NON_LITERAL_NULL_CONVERSION = YES;
				CLANG_WARN_OBJC_IMPLICIT_RETAIN_SELF = YES;
				CLANG_WARN_OBJC_LITERAL_CONVERSION = YES;
				CLANG_WARN_OBJC_ROOT_CLASS = YES_ERROR;
				CLANG_WARN_QUOTED_INCLUDE_IN_FRAMEWORK_HEADER = YES;
				CLANG_WARN_RANGE_LOOP_ANALYSIS = YES;
				CLANG_WARN_STRICT_PROTOTYPES = YES;
				CLANG_WARN_SUSPICIOUS_MOVE = YES;
				CLANG_WARN_UNGUARDED_AVAILABILITY = YES_AGGRESSIVE;
				CLANG_WARN_UNREACHABLE_CODE = YES;
				CLANG_WARN__DUPLICATE_METHOD_MATCH = YES;
				COPY_PHASE_STRIP = NO;
				DEBUG_INFORMATION_FORMAT = "dwarf-with-dsym";
				ENABLE_NS_ASSERTIONS = NO;
				ENABLE_STRICT_OBJC_MSGSEND = YES;
				GCC_C_LANGUAGE_STANDARD = gnu11;
				GCC_NO_COMMON_BLOCKS = YES;
				GCC_WARN_64_TO_32_BIT_CONVERSION = YES;
				GCC_WARN_ABOUT_RETURN_TYPE = YES_ERROR;
				GCC_WARN_UNDECLARED_SELECTOR = YES;
				GCC_WARN_UNINITIALIZED_AUTOS = YES_AGGRESSIVE;
				GCC_WARN_UNUSED_FUNCTION = YES;
				GCC_WARN_UNUSED_VARIABLE = YES;
				IPHONEOS_DEPLOYMENT_TARGET = 16.2;
				MTL_ENABLE_DEBUG_INFO = NO;
				MTL_FAST_MATH = YES;
				SDKROOT = iphoneos;
				SWIFT_COMPILATION_MODE = wholemodule;
				SWIFT_OPTIMIZATION_LEVEL = "-O";
				VALIDATE_PRODUCT = YES;
			};
			name = Release;
		};
		8308ED00297C2B53009D5D69 /* Debug */ = {
			isa = XCBuildConfiguration;
			buildSettings = {
				ASSETCATALOG_COMPILER_APPICON_NAME = AppIcon;
				ASSETCATALOG_COMPILER_GLOBAL_ACCENT_COLOR_NAME = AccentColor;
				CODE_SIGN_STYLE = Automatic;
				CURRENT_PROJECT_VERSION = 1;
				DEVELOPMENT_ASSET_PATHS = "\"CryptoCrazySUI/Preview Content\"";
				DEVELOPMENT_TEAM = Y4258Q76AP;
				ENABLE_PREVIEWS = YES;
				GENERATE_INFOPLIST_FILE = YES;
				INFOPLIST_KEY_UIApplicationSceneManifest_Generation = YES;
				INFOPLIST_KEY_UIApplicationSupportsIndirectInputEvents = YES;
				INFOPLIST_KEY_UILaunchScreen_Generation = YES;
				INFOPLIST_KEY_UISupportedInterfaceOrientations_iPad = "UIInterfaceOrientationPortrait UIInterfaceOrientationPortraitUpsideDown UIInterfaceOrientationLandscapeLeft UIInterfaceOrientationLandscapeRight";
				INFOPLIST_KEY_UISupportedInterfaceOrientations_iPhone = "UIInterfaceOrientationPortrait UIInterfaceOrientationLandscapeLeft UIInterfaceOrientationLandscapeRight";
				IPHONEOS_DEPLOYMENT_TARGET = 15.0;
				LD_RUNPATH_SEARCH_PATHS = (
					"$(inherited)",
					"@executable_path/Frameworks",
				);
				MARKETING_VERSION = 1.0;
				PRODUCT_BUNDLE_IDENTIFIER = com.eyupfurkantuylu.CryptoCrazySUI;
				PRODUCT_NAME = "$(TARGET_NAME)";
				SWIFT_EMIT_LOC_STRINGS = YES;
				SWIFT_VERSION = 5.0;
				TARGETED_DEVICE_FAMILY = "1,2";
			};
			name = Debug;
		};
		8308ED01297C2B53009D5D69 /* Release */ = {
			isa = XCBuildConfiguration;
			buildSettings = {
				ASSETCATALOG_COMPILER_APPICON_NAME = AppIcon;
				ASSETCATALOG_COMPILER_GLOBAL_ACCENT_COLOR_NAME = AccentColor;
				CODE_SIGN_STYLE = Automatic;
				CURRENT_PROJECT_VERSION = 1;
				DEVELOPMENT_ASSET_PATHS = "\"CryptoCrazySUI/Preview Content\"";
				DEVELOPMENT_TEAM = Y4258Q76AP;
				ENABLE_PREVIEWS = YES;
				GENERATE_INFOPLIST_FILE = YES;
				INFOPLIST_KEY_UIApplicationSceneManifest_Generation = YES;
				INFOPLIST_KEY_UIApplicationSupportsIndirectInputEvents = YES;
				INFOPLIST_KEY_UILaunchScreen_Generation = YES;
				INFOPLIST_KEY_UISupportedInterfaceOrientations_iPad = "UIInterfaceOrientationPortrait UIInterfaceOrientationPortraitUpsideDown UIInterfaceOrientationLandscapeLeft UIInterfaceOrientationLandscapeRight";
				INFOPLIST_KEY_UISupportedInterfaceOrientations_iPhone = "UIInterfaceOrientationPortrait UIInterfaceOrientationLandscapeLeft UIInterfaceOrientationLandscapeRight";
				IPHONEOS_DEPLOYMENT_TARGET = 15.0;
				LD_RUNPATH_SEARCH_PATHS = (
					"$(inherited)",
					"@executable_path/Frameworks",
				);
				MARKETING_VERSION = 1.0;
				PRODUCT_BUNDLE_IDENTIFIER = com.eyupfurkantuylu.CryptoCrazySUI;
				PRODUCT_NAME = "$(TARGET_NAME)";
				SWIFT_EMIT_LOC_STRINGS = YES;
				SWIFT_VERSION = 5.0;
				TARGETED_DEVICE_FAMILY = "1,2";
			};
			name = Release;
		};
		8308ED03297C2B53009D5D69 /* Debug */ = {
			isa = XCBuildConfiguration;
			buildSettings = {
				ALWAYS_EMBED_SWIFT_STANDARD_LIBRARIES = YES;
				BUNDLE_LOADER = "$(TEST_HOST)";
				CODE_SIGN_STYLE = Automatic;
				CURRENT_PROJECT_VERSION = 1;
				DEVELOPMENT_TEAM = Y4258Q76AP;
				GENERATE_INFOPLIST_FILE = YES;
				IPHONEOS_DEPLOYMENT_TARGET = 16.2;
				MARKETING_VERSION = 1.0;
				PRODUCT_BUNDLE_IDENTIFIER = com.eyupfurkantuylu.CryptoCrazySUITests;
				PRODUCT_NAME = "$(TARGET_NAME)";
				SWIFT_EMIT_LOC_STRINGS = NO;
				SWIFT_VERSION = 5.0;
				TARGETED_DEVICE_FAMILY = "1,2";
				TEST_HOST = "$(BUILT_PRODUCTS_DIR)/CryptoCrazySUI.app/$(BUNDLE_EXECUTABLE_FOLDER_PATH)/CryptoCrazySUI";
			};
			name = Debug;
		};
		8308ED04297C2B53009D5D69 /* Release */ = {
			isa = XCBuildConfiguration;
			buildSettings = {
				ALWAYS_EMBED_SWIFT_STANDARD_LIBRARIES = YES;
				BUNDLE_LOADER = "$(TEST_HOST)";
				CODE_SIGN_STYLE = Automatic;
				CURRENT_PROJECT_VERSION = 1;
				DEVELOPMENT_TEAM = Y4258Q76AP;
				GENERATE_INFOPLIST_FILE = YES;
				IPHONEOS_DEPLOYMENT_TARGET = 16.2;
				MARKETING_VERSION = 1.0;
				PRODUCT_BUNDLE_IDENTIFIER = com.eyupfurkantuylu.CryptoCrazySUITests;
				PRODUCT_NAME = "$(TARGET_NAME)";
				SWIFT_EMIT_LOC_STRINGS = NO;
				SWIFT_VERSION = 5.0;
				TARGETED_DEVICE_FAMILY = "1,2";
				TEST_HOST = "$(BUILT_PRODUCTS_DIR)/CryptoCrazySUI.app/$(BUNDLE_EXECUTABLE_FOLDER_PATH)/CryptoCrazySUI";
			};
			name = Release;
		};
		8308ED06297C2B53009D5D69 /* Debug */ = {
			isa = XCBuildConfiguration;
			buildSettings = {
				ALWAYS_EMBED_SWIFT_STANDARD_LIBRARIES = YES;
				CODE_SIGN_STYLE = Automatic;
				CURRENT_PROJECT_VERSION = 1;
				DEVELOPMENT_TEAM = Y4258Q76AP;
				GENERATE_INFOPLIST_FILE = YES;
				MARKETING_VERSION = 1.0;
				PRODUCT_BUNDLE_IDENTIFIER = com.eyupfurkantuylu.CryptoCrazySUIUITests;
				PRODUCT_NAME = "$(TARGET_NAME)";
				SWIFT_EMIT_LOC_STRINGS = NO;
				SWIFT_VERSION = 5.0;
				TARGETED_DEVICE_FAMILY = "1,2";
				TEST_TARGET_NAME = CryptoCrazySUI;
			};
			name = Debug;
		};
		8308ED07297C2B53009D5D69 /* Release */ = {
			isa = XCBuildConfiguration;
			buildSettings = {
				ALWAYS_EMBED_SWIFT_STANDARD_LIBRARIES = YES;
				CODE_SIGN_STYLE = Automatic;
				CURRENT_PROJECT_VERSION = 1;
				DEVELOPMENT_TEAM = Y4258Q76AP;
				GENERATE_INFOPLIST_FILE = YES;
				MARKETING_VERSION = 1.0;
				PRODUCT_BUNDLE_IDENTIFIER = com.eyupfurkantuylu.CryptoCrazySUIUITests;
				PRODUCT_NAME = "$(TARGET_NAME)";
				SWIFT_EMIT_LOC_STRINGS = NO;
				SWIFT_VERSION = 5.0;
				TARGETED_DEVICE_FAMILY = "1,2";
				TEST_TARGET_NAME = CryptoCrazySUI;
			};
			name = Release;
		};
/* End XCBuildConfiguration section */

/* Begin XCConfigurationList section */
		8308ECD6297C2B52009D5D69 /* Build configuration list for PBXProject "CryptoCrazySUI" */ = {
			isa = XCConfigurationList;
			buildConfigurations = (
				8308ECFD297C2B53009D5D69 /* Debug */,
				8308ECFE297C2B53009D5D69 /* Release */,
			);
			defaultConfigurationIsVisible = 0;
			defaultConfigurationName = Release;
		};
		8308ECFF297C2B53009D5D69 /* Build configuration list for PBXNativeTarget "CryptoCrazySUI" */ = {
			isa = XCConfigurationList;
			buildConfigurations = (
				8308ED00297C2B53009D5D69 /* Debug */,
				8308ED01297C2B53009D5D69 /* Release */,
			);
			defaultConfigurationIsVisible = 0;
			defaultConfigurationName = Release;
		};
		8308ED02297C2B53009D5D69 /* Build configuration list for PBXNativeTarget "CryptoCrazySUITests" */ = {
			isa = XCConfigurationList;
			buildConfigurations = (
				8308ED03297C2B53009D5D69 /* Debug */,
				8308ED04297C2B53009D5D69 /* Release */,
			);
			defaultConfigurationIsVisible = 0;
			defaultConfigurationName = Release;
		};
		8308ED05297C2B53009D5D69 /* Build configuration list for PBXNativeTarget "CryptoCrazySUIUITests" */ = {
			isa = XCConfigurationList;
			buildConfigurations = (
				8308ED06297C2B53009D5D69 /* Debug */,
				8308ED07297C2B53009D5D69 /* Release */,
			);
			defaultConfigurationIsVisible = 0;
			defaultConfigurationName = Release;
		};
/* End XCConfigurationList section */
	};
	rootObject = 8308ECD3297C2B52009D5D69 /* Project object */;
}
